# THIS IS AN AUTOGENERATED FILE. DO NOT EDIT THIS FILE DIRECTLY.
# yarn lockfile v1


"@oricalvo/common@2.0.1":
  version "2.0.1"
  resolved "https://registry.yarnpkg.com/@oricalvo/common/-/common-2.0.1.tgz#b7ea346ddb40bfa05911fa83deb59bccb4b86ff1"
  dependencies:
    es6-promisify "^6.0.0"

es6-promisify@^6.0.0:
  version "6.0.0"
  resolved "https://registry.yarnpkg.com/es6-promisify/-/es6-promisify-6.0.0.tgz#b526a75eaa5ca600e960bf3d5ad98c40d75c7203"
